
Microsoft Visual Studio Solution File, Format Version 12.00
# Visual Studio Version 17
VisualStudioVersion = 17.7.34024.191
MinimumVisualStudioVersion = 10.0.40219.1
Project("{FAE04EC0-301F-11D3-BF4B-00C04F79EFBC}") = "SESION9", "SESION9\SESION9.csproj", "{3B07D8DB-E23D-4D5D-8375-0A3FE50D9E9F}"
EndProject
Global
	GlobalSection(SolutionConfigurationPlatforms) = preSolution
		Debug|Any CPU = Debug|Any CPU
		Release|Any CPU = Release|Any CPU
	EndGlobalSection
	GlobalSection(ProjectConfigurationPlatforms) = postSolution
		{3B07D8DB-E23D-4D5D-8375-0A3FE50D9E9F}.Debug|Any CPU.ActiveCfg = Debug|Any CPU
		{3B07D8DB-E23D-4D5D-8375-0A3FE50D9E9F}.Debug|Any CPU.Build.0 = Debug|Any CPU
		{3B07D8DB-E23D-4D5D-8375-0A3FE50D9E9F}.Release|Any CPU.ActiveCfg = Release|Any CPU
		{3B07D8DB-E23D-4D5D-8375-0A3FE50D9E9F}.Release|Any CPU.Build.0 = Release|Any CPU
	EndGlobalSection
	GlobalSection(SolutionProperties) = preSolution
		HideSolutionNode = FALSE
	EndGlobalSection
	GlobalSection(ExtensibilityGlobals) = postSolution
		SolutionGuid = {27C50D15-9F03-4CA8-81E6-3A4E2BF4BED1}
	EndGlobalSection
EndGlobal
